
Microsoft Visual Studio Solution File, Format Version 12.00
# Visual Studio Version 16
VisualStudioVersion = 16.0.33423.256
MinimumVisualStudioVersion = 10.0.40219.1
Project("{FAE04EC0-301F-11D3-BF4B-00C04F79EFBC}") = "Popova_620b_Course_project", "Popova_620b_Course_project\Popova_620b_Course_project.csproj", "{FE777DAE-E4FC-4D1A-9AFA-82E80E0F0929}"
EndProject
Global
	GlobalSection(SolutionConfigurationPlatforms) = preSolution
		Debug|Any CPU = Debug|Any CPU
		Release|Any CPU = Release|Any CPU
	EndGlobalSection
	GlobalSection(ProjectConfigurationPlatforms) = postSolution
		{FE777DAE-E4FC-4D1A-9AFA-82E80E0F0929}.Debug|Any CPU.ActiveCfg = Debug|Any CPU
		{FE777DAE-E4FC-4D1A-9AFA-82E80E0F0929}.Debug|Any CPU.Build.0 = Debug|Any CPU
		{FE777DAE-E4FC-4D1A-9AFA-82E80E0F0929}.Release|Any CPU.ActiveCfg = Release|Any CPU
		{FE777DAE-E4FC-4D1A-9AFA-82E80E0F0929}.Release|Any CPU.Build.0 = Release|Any CPU
	EndGlobalSection
	GlobalSection(SolutionProperties) = preSolution
		HideSolutionNode = FALSE
	EndGlobalSection
	GlobalSection(ExtensibilityGlobals) = postSolution
		SolutionGuid = {75B47FD3-9B34-4B71-BB69-E419274C1C1C}
	EndGlobalSection
EndGlobal
